
Microsoft Visual Studio Solution File, Format Version 12.00
# Visual Studio Version 16
VisualStudioVersion = 16.0.30517.126
MinimumVisualStudioVersion = 10.0.40219.1
Project("{FAE04EC0-301F-11D3-BF4B-00C04F79EFBC}") = "Calcuator Leverage", "Calcuator Leverage.csproj", "{4B9DE890-4D03-4666-A039-B5F8B0DD3105}"
EndProject
Global
	GlobalSection(SolutionConfigurationPlatforms) = preSolution
		Debug|Any CPU = Debug|Any CPU
		Release|Any CPU = Release|Any CPU
	EndGlobalSection
	GlobalSection(ProjectConfigurationPlatforms) = postSolution
		{4B9DE890-4D03-4666-A039-B5F8B0DD3105}.Debug|Any CPU.ActiveCfg = Debug|Any CPU
		{4B9DE890-4D03-4666-A039-B5F8B0DD3105}.Debug|Any CPU.Build.0 = Debug|Any CPU
		{4B9DE890-4D03-4666-A039-B5F8B0DD3105}.Release|Any CPU.ActiveCfg = Release|Any CPU
		{4B9DE890-4D03-4666-A039-B5F8B0DD3105}.Release|Any CPU.Build.0 = Release|Any CPU
	EndGlobalSection
	GlobalSection(SolutionProperties) = preSolution
		HideSolutionNode = FALSE
	EndGlobalSection
	GlobalSection(ExtensibilityGlobals) = postSolution
		SolutionGuid = {60780666-FCFD-49F0-AB90-0EC184F708C2}
	EndGlobalSection
EndGlobal
